{"SurveyEntry":{"SurveyID":"SV_dhdhUmy0GJILCiG","SurveyName":"Receiver_Time2_0424","SurveyDescription":null,"SurveyOwnerID":"UR_9RW4ylbLtV7W4ke","SurveyBrandID":"ust","DivisionID":null,"SurveyLanguage":"EN","SurveyActiveResponseSet":"RS_d0UFFaJxYGZRc2O","SurveyStatus":"Inactive","SurveyStartDate":"0000-00-00 00:00:00","SurveyExpirationDate":"0000-00-00 00:00:00","SurveyCreationDate":"2023-04-22 09:15:00","CreatorID":"UR_9RW4ylbLtV7W4ke","LastModified":"2025-01-06 09:05:23","LastAccessed":"0000-00-00 00:00:00","LastActivated":"2023-04-26 02:04:59","Deleted":null},"SurveyElements":[{"SurveyID":"SV_dhdhUmy0GJILCiG","Element":"FL","PrimaryAttribute":"Survey Flow","SecondaryAttribute":null,"TertiaryAttribute":null,"Payload":{"Type":"Root","FlowID":"FL_1","Flow":[{"Type":"EmbeddedData","FlowID":"FL_7","EmbeddedData":[{"Description":"PROLIFIC_PID","Type":"Recipient","Field":"PROLIFIC_PID","VariableType":"String","DataVisibility":[],"AnalyzeText":false}]},{"Type":"Standard","ID":"BL_6rHaaIZMHZia018","FlowID":"FL_3","Autofill":[]},{"Type":"WebService","FlowID":"FL_9","URL":"https:\/\/files.dhagmann.com\/qualtrics\/load_advice.php","Method":"GET","RequestParams":[{"key":"PROLIFIC_PID","value":"\"${q:\/\/QID10\/ChoiceTextEntryValue}\""}],"EditBodyParams":[],"Body":[],"ContentType":"application\/x-www-form-urlencoded","Headers":[],"ResponseMap":[{"key":"advice.0.finalRank","value":"advice.0.finalRank"},{"key":"advice.0.value","value":"rank"}],"FireAndForget":false,"SchemaVersion":0,"StringifyValues":true},{"Type":"Standard","ID":"BL_3a7A40WB7ULB28S","FlowID":"FL_4","Autofill":[]},{"Type":"Standard","ID":"BL_extl7voT9YdhOke","FlowID":"FL_5","Autofill":[]},{"Type":"EndSurvey","FlowID":"FL_10","EndingType":"Default","Options":{"Advanced":"","SurveyTermination":"Redirect","EOSRedirectURL":"http:\/\/https:\/\/app.prolific.co\/submissions\/complete?cc=CZOZY3X7"}}],"Properties":{"Count":10,"RemovedFieldsets":[]}}},{"SurveyID":"SV_dhdhUmy0GJILCiG","Element":"STAT","PrimaryAttribute":"Survey Statistics","SecondaryAttribute":null,"TertiaryAttribute":null,"Payload":{"MobileCompatible":false,"ID":"Survey Statistics"}},{"SurveyID":"SV_dhdhUmy0GJILCiG","Element":"SO","PrimaryAttribute":"Survey Options","SecondaryAttribute":null,"TertiaryAttribute":null,"Payload":{"BackButton":"false","SaveAndContinue":"true","SurveyProtection":"PublicSurvey","BallotBoxStuffingPrevention":"false","NoIndex":"Yes","SecureResponseFiles":"true","SurveyExpiration":"None","SurveyTermination":"Redirect","Header":"","Footer":"","ProgressBarDisplay":"None","PartialData":"+1 week","ValidationMessage":null,"PreviousButton":" \u2190 ","NextButton":" \u2192 ","SurveyTitle":"Qualtrics Survey | Qualtrics Experience Management","SkinLibrary":"ust","SkinType":"templated","Skin":{"brandingId":null,"templateId":"*2014","overrides":null},"NewScoring":1,"SurveyMetaDescription":"The most powerful, simple and trusted way to gather experience data. Start your journey to experience management and try a free account today.","EOSMessage":"MS_3V2h12vKlbKyVmu","ShowExportTags":"false","CollectGeoLocation":"false","PasswordProtection":"No","AnonymizeResponse":"No","RefererCheck":"No","BallotBoxStuffingPreventionBehavior":null,"BallotBoxStuffingPreventionMessage":null,"BallotBoxStuffingPreventionMessageLibrary":null,"BallotBoxStuffingPreventionURL":null,"RecaptchaV3":"false","ConfirmStart":false,"AutoConfirmStart":false,"RelevantID":"false","RelevantIDLockoutPeriod":"+30 days","UseCustomSurveyLinkCompletedMessage":null,"SurveyLinkCompletedMessage":null,"SurveyLinkCompletedMessageLibrary":null,"ResponseSummary":"No","EOSMessageLibrary":"UR_3UiX69jLfsFOhZb","EOSRedirectURL":"https:\/\/app.prolific.co\/submissions\/complete?cc=CZOZY3X7","EmailThankYou":"false","ThankYouEmailMessageLibrary":null,"ThankYouEmailMessage":null,"ValidateMessage":"false","ValidationMessageLibrary":null,"InactiveSurvey":null,"PartialDeletion":null,"PartialDataCloseAfter":"LastActivity","InactiveMessageLibrary":null,"InactiveMessage":null,"AvailableLanguages":{"EN":[]},"ProtectSelectionIds":true,"CustomStyles":[]}},{"SurveyID":"SV_dhdhUmy0GJILCiG","Element":"SCO","PrimaryAttribute":"Scoring","SecondaryAttribute":null,"TertiaryAttribute":null,"Payload":{"ScoringCategories":[],"ScoringCategoryGroups":[],"ScoringSummaryCategory":null,"ScoringSummaryAfterQuestions":0,"ScoringSummaryAfterSurvey":0,"DefaultScoringCategory":null,"AutoScoringCategory":null}},{"SurveyID":"SV_dhdhUmy0GJILCiG","Element":"RS","PrimaryAttribute":"RS_d0UFFaJxYGZRc2O","SecondaryAttribute":null,"TertiaryAttribute":null,"Payload":null},{"SurveyID":"SV_dhdhUmy0GJILCiG","Element":"PROJ","PrimaryAttribute":"CORE","SecondaryAttribute":null,"TertiaryAttribute":"1.1.0","Payload":{"ProjectCategory":"CORE","SchemaVersion":"1.1.0"}},{"SurveyID":"SV_dhdhUmy0GJILCiG","Element":"BL","PrimaryAttribute":"Survey Blocks","SecondaryAttribute":null,"TertiaryAttribute":null,"Payload":{"1":{"Type":"Trash","Description":"Trash \/ Unused Questions","ID":"BL_3h4fjSQmhQxRDLg","BlockElements":[{"Type":"Question","QuestionID":"QID15"},{"Type":"Question","QuestionID":"QID17"},{"Type":"Question","QuestionID":"QID34"},{"Type":"Question","QuestionID":"QID33"},{"Type":"Question","QuestionID":"QID32"},{"Type":"Question","QuestionID":"QID31"},{"Type":"Question","QuestionID":"QID30"},{"Type":"Question","QuestionID":"QID29"},{"Type":"Question","QuestionID":"QID28"}]},"2":{"Type":"Standard","SubType":"","Description":"Consent","ID":"BL_6rHaaIZMHZia018","BlockElements":[{"Type":"Question","QuestionID":"QID1213411880"},{"Type":"Question","QuestionID":"QID1213411881"},{"Type":"Question","QuestionID":"QID10"}],"Options":{"BlockLocking":"false","RandomizeQuestions":"false","BlockVisibility":"Expanded"}},"3":{"Type":"Standard","SubType":"","Description":"Stage 2","ID":"BL_3a7A40WB7ULB28S","BlockElements":[{"Type":"Question","QuestionID":"QID1213411882"},{"Type":"Page Break"},{"Type":"Question","QuestionID":"QID11"},{"Type":"Page Break"},{"Type":"Question","QuestionID":"QID12"},{"Type":"Question","QuestionID":"QID22"},{"Type":"Question","QuestionID":"QID23"},{"Type":"Question","QuestionID":"QID24"},{"Type":"Question","QuestionID":"QID5"},{"Type":"Question","QuestionID":"QID6"}],"Options":{"BlockLocking":"false","RandomizeQuestions":"false","BlockVisibility":"Expanded"}},"4":{"Type":"Standard","SubType":"","Description":"Rate the advice giver","ID":"BL_extl7voT9YdhOke","BlockElements":[{"Type":"Question","QuestionID":"QID25"},{"Type":"Question","QuestionID":"QID26"},{"Type":"Question","QuestionID":"QID27"},{"Type":"Question","QuestionID":"QID7"},{"Type":"Question","QuestionID":"QID8"},{"Type":"Question","QuestionID":"QID9"},{"Type":"Question","QuestionID":"QID18"},{"Type":"Question","QuestionID":"QID19"},{"Type":"Question","QuestionID":"QID20"},{"Type":"Question","QuestionID":"QID16"},{"Type":"Question","QuestionID":"QID21"},{"Type":"Page Break"},{"Type":"Question","QuestionID":"QID14"}],"Options":{"BlockLocking":"false","RandomizeQuestions":"false","BlockVisibility":"Expanded"}}}},{"SurveyID":"SV_dhdhUmy0GJILCiG","Element":"PL","PrimaryAttribute":"Preview Link","SecondaryAttribute":null,"TertiaryAttribute":null,"Payload":{"PreviewType":"Brand","PreviewID":"dcedd587-769f-4ad4-9f2b-ca06b4b3dd9f"}},{"SurveyID":"SV_dhdhUmy0GJILCiG","Element":"QC","PrimaryAttribute":"Survey Question Count","SecondaryAttribute":"34","TertiaryAttribute":null,"Payload":null},{"SurveyID":"SV_dhdhUmy0GJILCiG","Element":"SQ","PrimaryAttribute":"QID12","SecondaryAttribute":"A Rater's Advice Before you make your guess, we have asked one of the other participants to give...","TertiaryAttribute":null,"Payload":{"QuestionText":"<b>A Rater's Advice<\/b><br>Before you make your guess, we have asked one of the other participants to give you advice on what rank you should guess. They did this after evaluating <b>all ten selfies<\/b>, including yours.&nbsp;That is, they have some sense of what the other selfies look like, but their opinions do not solely determine the final rank.","DefaultChoices":false,"DataExportTag":"QID12","QuestionID":"QID12","QuestionType":"DB","Selector":"TB","Configuration":{"QuestionDescriptionOption":"UseText"},"QuestionDescription":"A Rater's Advice Before you make your guess, we have asked one of the other participants to give...","ChoiceOrder":[],"Validation":{"Settings":{"Type":"None"}},"GradingData":[],"Language":[],"NextChoiceId":6,"NextAnswerId":1,"QuestionText_Unsafe":"<b>A Rater's Advice<\/b><br>Before you make your guess, we have asked one of the other participants to give you advice on what bet you should make. They did this after evaluating 20 selfies, including yours. That is, they have some sense of what the other selfies look like, but they have not seen all of them.","DataVisibility":{"Private":false,"Hidden":false}}},{"SurveyID":"SV_dhdhUmy0GJILCiG","Element":"SQ","PrimaryAttribute":"QID15","SecondaryAttribute":"Click to write the question text","TertiaryAttribute":null,"Payload":{"QuestionText":"Click to write the question text","DataExportTag":"Q13","QuestionType":"MC","Selector":"SAVR","SubSelector":"TX","Configuration":{"QuestionDescriptionOption":"UseText"},"QuestionDescription":"Click to write the question text","Choices":{"1":{"Display":"Click to write Choice 1"},"2":{"Display":"Click to write Choice 2"},"3":{"Display":"Click to write Choice 3"}},"ChoiceOrder":["1","2","3"],"Validation":{"Settings":{"ForceResponse":"OFF","Type":"None"}},"Language":[],"NextChoiceId":4,"NextAnswerId":1,"QuestionID":"QID15"}},{"SurveyID":"SV_dhdhUmy0GJILCiG","Element":"SQ","PrimaryAttribute":"QID26","SecondaryAttribute":"Finally, we would like to ask you a few questions about the person giving you advice. Recall that...","TertiaryAttribute":null,"Payload":{"QuestionText":"Finally, we would like to ask you a few questions about the person giving you advice.<br>\n<br>\nRecall that they asked you to guess that <b>you&nbsp;rank as the 2nd most attractive<\/b> <b>participant<\/b>.","DefaultChoices":false,"DataExportTag":"Q24","QuestionType":"DB","Selector":"TB","DataVisibility":{"Private":false,"Hidden":false},"Configuration":{"QuestionDescriptionOption":"UseText"},"QuestionDescription":"Finally, we would like to ask you a few questions about the person giving you advice. Recall that...","DisplayLogic":{"0":{"0":{"Description":"<span class=\"ConjDesc\">If<\/span>  <span class=\"LeftOpDesc\">rank<\/span> <span class=\"OpDesc\">Is Equal to<\/span> <span class=\"RightOpDesc\"> 2 <\/span>","LeftOperand":"rank","LogicType":"EmbeddedField","Operator":"EqualTo","RightOperand":"2","Type":"Expression"},"Type":"If"},"Type":"BooleanExpression","inPage":false},"ChoiceOrder":[],"Validation":{"Settings":{"Type":"None"}},"GradingData":[],"Language":[],"NextChoiceId":4,"NextAnswerId":1,"QuestionID":"QID26"}},{"SurveyID":"SV_dhdhUmy0GJILCiG","Element":"SQ","PrimaryAttribute":"QID7","SecondaryAttribute":"Finally, we would like to ask you a few questions about the person giving you advice. Recall that...","TertiaryAttribute":null,"Payload":{"QuestionText":"Finally, we would like to ask you a few questions about the person giving you advice.<br><br>Recall that they asked you to guess&nbsp;that <b>you rank as the ${e:\/\/Field\/rank}th most attractive participant<\/b>.<br>","DefaultChoices":false,"DataExportTag":"QID7","QuestionType":"DB","Selector":"TB","Configuration":{"QuestionDescriptionOption":"UseText"},"QuestionDescription":"Finally, we would like to ask you a few questions about the person giving you advice. Recall that...","ChoiceOrder":[],"Validation":{"Settings":{"Type":"None"}},"GradingData":[],"Language":[],"NextChoiceId":4,"NextAnswerId":1,"QuestionID":"QID7","DataVisibility":{"Private":false,"Hidden":false},"QuestionText_Unsafe":"Finally, we would like to ask you two questions about the person giving you advice.<br><br>Recall that they asked you to bet that you are among the NN most attractive participants.<br>","DisplayLogic":{"0":{"0":{"LogicType":"EmbeddedField","LeftOperand":"rank","Operator":"GreaterThan","RightOperand":"3","Type":"Expression","Description":"<span class=\"ConjDesc\">If<\/span>  <span class=\"LeftOpDesc\">rank<\/span> <span class=\"OpDesc\">Is Greater Than<\/span> <span class=\"RightOpDesc\"> 3 <\/span>"},"Type":"If"},"Type":"BooleanExpression","inPage":false}}},{"SurveyID":"SV_dhdhUmy0GJILCiG","Element":"SQ","PrimaryAttribute":"QID27","SecondaryAttribute":"Finally, we would like to ask you three questions about the person giving you advice. Recall that...","TertiaryAttribute":null,"Payload":{"QuestionText":"Finally, we would like to ask you three questions about the person giving you advice.<br \/>\n<br \/>\nRecall that they asked you to guess that <b>you&nbsp;rank as the 3rd most attractive<\/b> <b>participant<\/b>.","DefaultChoices":false,"DataExportTag":"Q25","QuestionType":"DB","Selector":"TB","DataVisibility":{"Private":false,"Hidden":false},"Configuration":{"QuestionDescriptionOption":"UseText"},"QuestionDescription":"Finally, we would like to ask you three questions about the person giving you advice. Recall that...","DisplayLogic":{"0":{"0":{"Description":"<span class=\"ConjDesc\">If<\/span>  <span class=\"LeftOpDesc\">rank<\/span> <span class=\"OpDesc\">Is Equal to<\/span> <span class=\"RightOpDesc\"> 3 <\/span>","LeftOperand":"rank","LogicType":"EmbeddedField","Operator":"EqualTo","RightOperand":"3","Type":"Expression"},"Type":"If"},"Type":"BooleanExpression","inPage":false},"ChoiceOrder":[],"Validation":{"Settings":{"Type":"None"}},"GradingData":[],"Language":[],"NextChoiceId":4,"NextAnswerId":1,"QuestionID":"QID27"}},{"SurveyID":"SV_dhdhUmy0GJILCiG","Element":"SQ","PrimaryAttribute":"QID25","SecondaryAttribute":"Finally, we would like to ask you three questions about the person giving you advice. Recall that...","TertiaryAttribute":null,"Payload":{"QuestionText":"Finally, we would like to ask you three questions about the person giving you advice.<br><br>Recall that they asked you to guess that <b>you&nbsp;rank as the most attractive<\/b> <b>participant<\/b>.<br>","DefaultChoices":false,"DataExportTag":"Q23","QuestionType":"DB","Selector":"TB","DataVisibility":{"Private":false,"Hidden":false},"Configuration":{"QuestionDescriptionOption":"UseText"},"QuestionDescription":"Finally, we would like to ask you three questions about the person giving you advice. Recall that...","DisplayLogic":{"0":{"0":{"Description":"<span class=\"ConjDesc\">If<\/span>  <span class=\"LeftOpDesc\">rank<\/span> <span class=\"OpDesc\">Is Equal to<\/span> <span class=\"RightOpDesc\"> 1 <\/span>","LeftOperand":"rank","LogicType":"EmbeddedField","Operator":"EqualTo","RightOperand":"1","Type":"Expression"},"Type":"If"},"Type":"BooleanExpression","inPage":false},"ChoiceOrder":[],"Validation":{"Settings":{"Type":"None"}},"GradingData":[],"Language":[],"NextChoiceId":4,"NextAnswerId":1,"QuestionID":"QID25"}},{"SurveyID":"SV_dhdhUmy0GJILCiG","Element":"SQ","PrimaryAttribute":"QID17","SecondaryAttribute":"good-natured, sincere","TertiaryAttribute":null,"Payload":{"QuestionText":"good-natured, sincere","DataExportTag":"Q15","QuestionType":"MC","Selector":"SAVR","SubSelector":"TX","Configuration":{"QuestionDescriptionOption":"UseText"},"QuestionDescription":"good-natured, sincere","Choices":{"1":{"Display":"Click to write Choice 1"},"2":{"Display":"Click to write Choice 2"},"3":{"Display":"Click to write Choice 3"}},"ChoiceOrder":["1","2","3"],"Validation":{"Settings":{"ForceResponse":"OFF","Type":"None"}},"Language":[],"NextChoiceId":4,"NextAnswerId":1,"QuestionID":"QID17","DataVisibility":{"Private":false,"Hidden":false}}},{"SurveyID":"SV_dhdhUmy0GJILCiG","Element":"SQ","PrimaryAttribute":"QID18","SecondaryAttribute":"How friendly do you think that participant is?","TertiaryAttribute":null,"Payload":{"QuestionText":"How friendly do you think that participant is?","DefaultChoices":false,"DataExportTag":"friendly","QuestionType":"MC","Selector":"SAHR","SubSelector":"TX","DataVisibility":{"Private":false,"Hidden":false},"Configuration":{"QuestionDescriptionOption":"UseText","LabelPosition":"BELOW"},"QuestionDescription":"How friendly do you think that participant is?","Choices":{"6":{"Display":"Not at all friendly"},"7":{"Display":"Slightly friendly"},"8":{"Display":"Somewhat friendly"},"9":{"Display":"Very friendly"},"10":{"Display":"Extremely friendly"}},"ChoiceOrder":["6","7","8","9","10"],"Validation":{"Settings":{"ForceResponse":"ON","ForceResponseType":"ON","Type":"None"}},"GradingData":[],"Language":[],"NextChoiceId":11,"NextAnswerId":1,"QuestionID":"QID18"}},{"SurveyID":"SV_dhdhUmy0GJILCiG","Element":"SQ","PrimaryAttribute":"QID30","SecondaryAttribute":"How friendly do you think that participant is?","TertiaryAttribute":null,"Payload":{"QuestionText":"How friendly do you think that participant is?","DefaultChoices":false,"DataExportTag":"Q28","QuestionType":"MC","Selector":"SAHR","SubSelector":"TX","DataVisibility":{"Private":false,"Hidden":false},"Configuration":{"QuestionDescriptionOption":"UseText","LabelPosition":"BELOW"},"QuestionDescription":"How friendly do you think that participant is?","Choices":{"6":{"Display":"Not at all friendly"},"7":{"Display":"Slightly friendly"},"8":{"Display":"Somewhat friendly"},"9":{"Display":"Very friendly"},"10":{"Display":"Extremely friendly"}},"ChoiceOrder":["6","7","8","9","10"],"Validation":{"Settings":{"ForceResponse":"ON","ForceResponseType":"ON","Type":"None"}},"GradingData":[],"Language":[],"NextChoiceId":11,"NextAnswerId":1,"QuestionID":"QID30"}},{"SurveyID":"SV_dhdhUmy0GJILCiG","Element":"SQ","PrimaryAttribute":"QID20","SecondaryAttribute":"How good-natured do you think that participant is?","TertiaryAttribute":null,"Payload":{"QuestionText":"How good-natured do you think that participant is?","DefaultChoices":false,"DataExportTag":"good-natured","QuestionType":"MC","Selector":"SAHR","SubSelector":"TX","DataVisibility":{"Private":false,"Hidden":false},"Configuration":{"QuestionDescriptionOption":"UseText","LabelPosition":"BELOW"},"QuestionDescription":"How good-natured do you think that participant is?","Choices":{"6":{"Display":"Not at all good-natured"},"7":{"Display":"Slightly good-natured"},"8":{"Display":"Somewhat good-natured"},"9":{"Display":"Very good-natured"},"10":{"Display":"Extremely good-natured"}},"ChoiceOrder":["6","7","8","9","10"],"Validation":{"Settings":{"ForceResponse":"ON","ForceResponseType":"ON","Type":"None"}},"GradingData":[],"Language":[],"NextChoiceId":11,"NextAnswerId":1,"QuestionID":"QID20"}},{"SurveyID":"SV_dhdhUmy0GJILCiG","Element":"SQ","PrimaryAttribute":"QID32","SecondaryAttribute":"How good-natured do you think that participant is?","TertiaryAttribute":null,"Payload":{"QuestionText":"How good-natured do you think that participant is?","DefaultChoices":false,"DataExportTag":"Q30","QuestionType":"MC","Selector":"SAHR","SubSelector":"TX","DataVisibility":{"Private":false,"Hidden":false},"Configuration":{"QuestionDescriptionOption":"UseText","LabelPosition":"BELOW"},"QuestionDescription":"How good-natured do you think that participant is?","Choices":{"6":{"Display":"Not at all good-natured"},"7":{"Display":"Slightly good-natured"},"8":{"Display":"Somewhat good-natured"},"9":{"Display":"Very good-natured"},"10":{"Display":"Extremely good-natured"}},"ChoiceOrder":["6","7","8","9","10"],"Validation":{"Settings":{"ForceResponse":"ON","ForceResponseType":"ON","Type":"None"}},"GradingData":[],"Language":[],"NextChoiceId":11,"NextAnswerId":1,"QuestionID":"QID32"}},{"SurveyID":"SV_dhdhUmy0GJILCiG","Element":"SQ","PrimaryAttribute":"QID8","SecondaryAttribute":"How likeable do you think that participant is?","TertiaryAttribute":null,"Payload":{"QuestionText":"How likeable do you think that participant is?","DefaultChoices":false,"DataExportTag":"likable","QuestionType":"MC","Selector":"SAHR","SubSelector":"TX","Configuration":{"QuestionDescriptionOption":"UseText","LabelPosition":"BELOW"},"QuestionDescription":"How likeable do you think that participant is?","Choices":{"6":{"Display":"Not at all likeable"},"7":{"Display":"Slightly likeable"},"8":{"Display":"Somewhat likeable"},"9":{"Display":"Very likeable"},"10":{"Display":"Extremely likeable"}},"ChoiceOrder":["6","7","8","9","10"],"Validation":{"Settings":{"ForceResponse":"ON","ForceResponseType":"ON","Type":"None"}},"GradingData":[],"Language":[],"NextChoiceId":11,"NextAnswerId":1,"QuestionID":"QID8","DataVisibility":{"Private":false,"Hidden":false},"QuestionText_Unsafe":"How sincere do you think that participant is?"}},{"SurveyID":"SV_dhdhUmy0GJILCiG","Element":"SQ","PrimaryAttribute":"QID28","SecondaryAttribute":"How likeable do you think that participant is?","TertiaryAttribute":null,"Payload":{"QuestionText":"How likeable do you think that participant is?","DefaultChoices":false,"DataExportTag":"Q26","QuestionType":"MC","Selector":"SAHR","SubSelector":"TX","DataVisibility":{"Private":false,"Hidden":false},"Configuration":{"QuestionDescriptionOption":"UseText","LabelPosition":"BELOW"},"QuestionDescription":"How likeable do you think that participant is?","Choices":{"6":{"Display":"Not at all likeable"},"7":{"Display":"Slightly likeable"},"8":{"Display":"Somewhat likeable"},"9":{"Display":"Very likeable"},"10":{"Display":"Extremely likeable"}},"ChoiceOrder":["6","7","8","9","10"],"Validation":{"Settings":{"ForceResponse":"ON","ForceResponseType":"ON","Type":"None"}},"GradingData":[],"Language":[],"NextChoiceId":11,"NextAnswerId":1,"QuestionID":"QID28"}},{"SurveyID":"SV_dhdhUmy0GJILCiG","Element":"SQ","PrimaryAttribute":"QID21","SecondaryAttribute":"How sincere do you think that participant is?","TertiaryAttribute":null,"Payload":{"QuestionText":"How sincere do you think that participant is?","DefaultChoices":false,"DataExportTag":"sincere","QuestionType":"MC","Selector":"SAHR","SubSelector":"TX","DataVisibility":{"Private":false,"Hidden":false},"Configuration":{"QuestionDescriptionOption":"UseText","LabelPosition":"BELOW"},"QuestionDescription":"How sincere do you think that participant is?","Choices":{"6":{"Display":"Not at all sincere"},"7":{"Display":"Slightly sincere"},"8":{"Display":"Somewhat sincere"},"9":{"Display":"Very sincere"},"10":{"Display":"Extremely sincere"}},"ChoiceOrder":["6","7","8","9","10"],"Validation":{"Settings":{"ForceResponse":"ON","ForceResponseType":"ON","Type":"None"}},"GradingData":[],"Language":[],"NextChoiceId":11,"NextAnswerId":1,"QuestionID":"QID21"}},{"SurveyID":"SV_dhdhUmy0GJILCiG","Element":"SQ","PrimaryAttribute":"QID34","SecondaryAttribute":"How sincere do you think that participant is?","TertiaryAttribute":null,"Payload":{"QuestionText":"How sincere do you think that participant is?","DefaultChoices":false,"DataExportTag":"Q32","QuestionType":"MC","Selector":"SAHR","SubSelector":"TX","DataVisibility":{"Private":false,"Hidden":false},"Configuration":{"QuestionDescriptionOption":"UseText","LabelPosition":"BELOW"},"QuestionDescription":"How sincere do you think that participant is?","Choices":{"6":{"Display":"Not at all sincere"},"7":{"Display":"Slightly sincere"},"8":{"Display":"Somewhat sincere"},"9":{"Display":"Very sincere"},"10":{"Display":"Extremely sincere"}},"ChoiceOrder":["6","7","8","9","10"],"Validation":{"Settings":{"ForceResponse":"ON","ForceResponseType":"ON","Type":"None"}},"GradingData":[],"Language":[],"NextChoiceId":11,"NextAnswerId":1,"QuestionID":"QID34"}},{"SurveyID":"SV_dhdhUmy0GJILCiG","Element":"SQ","PrimaryAttribute":"QID16","SecondaryAttribute":"How trustworthy do you think that participant is?","TertiaryAttribute":null,"Payload":{"QuestionText":"How trustworthy do you think that participant is?","DataExportTag":"trustworthy","QuestionType":"MC","Selector":"SAHR","SubSelector":"TX","Configuration":{"QuestionDescriptionOption":"UseText","LabelPosition":"BELOW"},"QuestionDescription":"How trustworthy do you think that participant is?","Choices":{"6":{"Display":"Not at all trustworthy"},"7":{"Display":"Slightly trustworthy"},"8":{"Display":"Somewhat trustworthy"},"9":{"Display":"Very trustworthy"},"10":{"Display":"Extremely trustworthy"}},"ChoiceOrder":["6","7","8","9","10"],"Validation":{"Settings":{"ForceResponse":"ON","ForceResponseType":"ON","Type":"None"}},"Language":[],"NextChoiceId":11,"NextAnswerId":1,"QuestionID":"QID16","DefaultChoices":false,"GradingData":[],"DataVisibility":{"Private":false,"Hidden":false}}},{"SurveyID":"SV_dhdhUmy0GJILCiG","Element":"SQ","PrimaryAttribute":"QID33","SecondaryAttribute":"How trustworthy do you think that participant is?","TertiaryAttribute":null,"Payload":{"QuestionText":"How trustworthy do you think that participant is?","DefaultChoices":false,"DataExportTag":"Q31","QuestionType":"MC","Selector":"SAHR","SubSelector":"TX","DataVisibility":{"Private":false,"Hidden":false},"Configuration":{"QuestionDescriptionOption":"UseText","LabelPosition":"BELOW"},"QuestionDescription":"How trustworthy do you think that participant is?","Choices":{"6":{"Display":"Not at all trustworthy"},"7":{"Display":"Slightly trustworthy"},"8":{"Display":"Somewhat trustworthy"},"9":{"Display":"Very trustworthy"},"10":{"Display":"Extremely trustworthy"}},"ChoiceOrder":["6","7","8","9","10"],"Validation":{"Settings":{"ForceResponse":"ON","ForceResponseType":"ON","Type":"None"}},"GradingData":[],"Language":[],"NextChoiceId":11,"NextAnswerId":1,"QuestionID":"QID33"}},{"SurveyID":"SV_dhdhUmy0GJILCiG","Element":"SQ","PrimaryAttribute":"QID29","SecondaryAttribute":"How warm do you think that participant is?","TertiaryAttribute":null,"Payload":{"QuestionText":"How warm do you think that participant is?","DefaultChoices":false,"DataExportTag":"Q27","QuestionType":"MC","Selector":"SAHR","SubSelector":"TX","DataVisibility":{"Private":false,"Hidden":false},"Configuration":{"QuestionDescriptionOption":"UseText","LabelPosition":"BELOW"},"QuestionDescription":"How warm do you think that participant is?","Choices":{"6":{"Display":"Not at all warm"},"7":{"Display":"Slightly warm"},"8":{"Display":"Somewhat warm"},"9":{"Display":"Very warm"},"10":{"Display":"Extremely warm"}},"ChoiceOrder":["6","7","8","9","10"],"Validation":{"Settings":{"ForceResponse":"ON","ForceResponseType":"ON","Type":"None"}},"GradingData":[],"Language":[],"NextChoiceId":11,"NextAnswerId":1,"QuestionID":"QID29"}},{"SurveyID":"SV_dhdhUmy0GJILCiG","Element":"SQ","PrimaryAttribute":"QID9","SecondaryAttribute":"How warm do you think that participant is?","TertiaryAttribute":null,"Payload":{"QuestionText":"How warm do you think that participant is?","DefaultChoices":false,"DataExportTag":"warm","QuestionType":"MC","Selector":"SAHR","SubSelector":"TX","Configuration":{"QuestionDescriptionOption":"UseText","LabelPosition":"BELOW"},"QuestionDescription":"How warm do you think that participant is?","Choices":{"6":{"Display":"Not at all warm"},"7":{"Display":"Slightly warm"},"8":{"Display":"Somewhat warm"},"9":{"Display":"Very warm"},"10":{"Display":"Extremely warm"}},"ChoiceOrder":["6","7","8","9","10"],"Validation":{"Settings":{"ForceResponse":"ON","ForceResponseType":"ON","Type":"None"}},"GradingData":[],"Language":[],"NextChoiceId":11,"NextAnswerId":1,"QuestionID":"QID9","DataVisibility":{"Private":false,"Hidden":false},"QuestionText_Unsafe":"How trustworthy do you think that participant is?"}},{"SurveyID":"SV_dhdhUmy0GJILCiG","Element":"SQ","PrimaryAttribute":"QID31","SecondaryAttribute":"How well-intentioned do you think that participant is?","TertiaryAttribute":null,"Payload":{"QuestionText":"How well-intentioned do you think that participant is?","DefaultChoices":false,"DataExportTag":"Q29","QuestionType":"MC","Selector":"SAHR","SubSelector":"TX","DataVisibility":{"Private":false,"Hidden":false},"Configuration":{"QuestionDescriptionOption":"UseText","LabelPosition":"BELOW"},"QuestionDescription":"How well-intentioned do you think that participant is?","Choices":{"6":{"Display":"Not at all well-intentioned"},"7":{"Display":"Slightly well-intentioned"},"8":{"Display":"Somewhat well-intentioned"},"9":{"Display":"Very well-intentioned"},"10":{"Display":"Extremely well-intentioned"}},"ChoiceOrder":["6","7","8","9","10"],"Validation":{"Settings":{"ForceResponse":"ON","ForceResponseType":"ON","Type":"None"}},"GradingData":[],"Language":[],"NextChoiceId":11,"NextAnswerId":1,"QuestionID":"QID31"}},{"SurveyID":"SV_dhdhUmy0GJILCiG","Element":"SQ","PrimaryAttribute":"QID19","SecondaryAttribute":"How well-intentioned do you think that participant is?","TertiaryAttribute":null,"Payload":{"QuestionText":"How well-intentioned do you think that participant is?","DefaultChoices":false,"DataExportTag":"well-intentioned","QuestionType":"MC","Selector":"SAHR","SubSelector":"TX","DataVisibility":{"Private":false,"Hidden":false},"Configuration":{"QuestionDescriptionOption":"UseText","LabelPosition":"BELOW"},"QuestionDescription":"How well-intentioned do you think that participant is?","Choices":{"6":{"Display":"Not at all well-intentioned"},"7":{"Display":"Slightly well-intentioned"},"8":{"Display":"Somewhat well-intentioned"},"9":{"Display":"Very well-intentioned"},"10":{"Display":"Extremely well-intentioned"}},"ChoiceOrder":["6","7","8","9","10"],"Validation":{"Settings":{"ForceResponse":"ON","ForceResponseType":"ON","Type":"None"}},"GradingData":[],"Language":[],"NextChoiceId":11,"NextAnswerId":1,"QuestionID":"QID19"}},{"SurveyID":"SV_dhdhUmy0GJILCiG","Element":"SQ","PrimaryAttribute":"QID1213411882","SecondaryAttribute":"Instructions You have recently completed a survey in which you uploaded a selfie. In the meantime...","TertiaryAttribute":null,"Payload":{"QuestionText":"<b>Instructions<\/b><br>You have recently completed a survey in which you uploaded a selfie. In the meantime, we have shown your photo and that of 9 other&nbsp;participants&nbsp;of your gender to another group recruited via Prolific. <br><br>We asked them to rank the selfies based on physical attractiveness, where Rank 1 is most attractive and Rank 10 is least attractive.<br>","DefaultChoices":false,"QuestionType":"DB","Selector":"TB","Configuration":{"QuestionDescriptionOption":"UseText"},"QuestionDescription":"Instructions You have recently completed a survey in which you uploaded a selfie. In the meantime...","ChoiceOrder":[],"Validation":{"Settings":{"Type":"None"}},"GradingData":[],"Language":[],"NextChoiceId":4,"NextAnswerId":1,"DataVisibility":{"Private":false,"Hidden":false},"QuestionText_Unsafe":"<b>Instructions<\/b><br>You have recently completed a survey in which you uploaded a selfie. In the meantime, we have shown your photo and that of 99 other [male\/female] participants to a group of other MTurkers. We asked them to evaluate the attractiveness of each photo on a scale from 1 to 10, where 10 is most attractive.<br><br>Each MTurker evaluated a random selection of 20 selfies. So they have seen a large group of participants, but not all participants.<br>","DataExportTag":"QID1213411882","QuestionID":"QID1213411882"}},{"SurveyID":"SV_dhdhUmy0GJILCiG","Element":"SQ","PrimaryAttribute":"QID10","SecondaryAttribute":"Please make sure that your Prolific ID is recorded correctly","TertiaryAttribute":null,"Payload":{"QuestionText":"Please make sure that your Prolific ID is recorded correctly","DefaultChoices":{"TEXT":{"Text":"${e:\/\/Field\/PROLIFIC_PID}"}},"DataExportTag":"QID10","QuestionID":"QID10","QuestionType":"TE","Selector":"SL","Configuration":{"QuestionDescriptionOption":"UseText"},"QuestionDescription":"Please make sure that your Prolific ID is recorded correctly","Validation":{"Settings":{"ForceResponse":"ON","ForceResponseType":"ON","Type":"None"}},"GradingData":[],"Language":[],"NextChoiceId":4,"NextAnswerId":1,"SearchSource":{"AllowFreeResponse":"false"},"DataVisibility":{"Private":false,"Hidden":false},"QuestionText_Unsafe":"Please make sure that your MTurk ID is recorded correctly"}},{"SurveyID":"SV_dhdhUmy0GJILCiG","Element":"SQ","PrimaryAttribute":"QID14","SecondaryAttribute":"Thank you again for taking the time to help us with our research! If your guess is correct, you w...","TertiaryAttribute":null,"Payload":{"Configuration":{"InputHeight":175,"InputWidth":680,"QuestionDescriptionOption":"UseText"},"DataExportTag":"QID14","DataVisibility":{"Hidden":false,"Private":false},"DefaultChoices":false,"GradingData":[],"Language":[],"NextAnswerId":1,"NextChoiceId":4,"QuestionDescription":"Thank you again for taking the time to help us with our research! If your guess is correct, you w...","QuestionID":"QID14","QuestionText":"Thank you again for taking the time to help us with our research!<br><br>If your guess is correct, you will receive the corresponding bonus payment within the next 14 days.<br><br>Do you have any feedback or comments for the researchers? (optional)","QuestionText_Unsafe":"Thank you again for taking the time to help us with our research!<br><br>If your guess is correct, you will receive the corresponding bonus payment within the next 7 days.<br><br>Do you have any feedback or comments for the researchers? (optional)","QuestionType":"TE","SearchSource":{"AllowFreeResponse":"false"},"Selector":"ESTB","Validation":{"Settings":{"ForceResponse":"OFF","ForceResponseType":"ON","Type":"None"}}}},{"SurveyID":"SV_dhdhUmy0GJILCiG","Element":"SQ","PrimaryAttribute":"QID1213411880","SecondaryAttribute":"Thank you for participating in our research. This survey will take approximately ten minutes to f...","TertiaryAttribute":null,"Payload":{"QuestionText":"Thank you for participating in our research. This survey will take approximately ten minutes to finish.<br>","DefaultChoices":false,"QuestionType":"DB","Selector":"TB","Configuration":{"QuestionDescriptionOption":"UseText"},"QuestionDescription":"Thank you for participating in our research. This survey will take approximately ten minutes to f...","ChoiceOrder":[],"Validation":{"Settings":{"Type":"None"}},"GradingData":[],"Language":[],"NextChoiceId":4,"NextAnswerId":1,"DataVisibility":{"Private":false,"Hidden":false},"QuestionText_Unsafe":"Thank you for participating in our research. This survey will take approximately ten minutes to finish.<br>","DataExportTag":"QID1213411880","QuestionID":"QID1213411880"}},{"SurveyID":"SV_dhdhUmy0GJILCiG","Element":"SQ","PrimaryAttribute":"QID1213411881","SecondaryAttribute":"This is a consent form. Please read and click below to continue. You are being asked to take part...","TertiaryAttribute":null,"Payload":{"QuestionText":"<strong>This is a consent form. Please read and click below to continue.<\/strong><br>\nYou are being asked to take part in a research study on decision-making. Your participation is voluntary and is greatly appreciated. If you agree to be in this study, you will be asked to complete a survey asking you questions about your opinions or questions that have a correct answer. This survey will take approximately 15 minutes to complete, or as described in the posting. You may withdraw your consent to participate at any time and with no penalty by closing this browser window. Additional details of this study are described below.<br>\n<br>\n<strong>Eligibility<\/strong>: All U.S. residents over the age of 18 are eligible to participate. However, this survey cannot be taken on a mobile device. You may only participate in this study once; after the first attempt, any additional attempts at this survey will not be approved or compensated.<br><br><b>Risk &amp; Benefits<\/b>: The risks associated with participation in this study are no greater than those encountered in daily life. There may be no direct benefits to participation, except for the enjoyment of contributing to research.\n\n<br>\n<br>\n<strong>Compensation<\/strong>: You will receive a fixed payment for completing this survey as described in the posting (approximately $6\/hr). Additional compensation may be available in the experiment, depending on the choices that you make. All such bonus opportunities will be explained to you during the study, and you will receive compensation paid via the survey platform shortly after completion of the study. Bonus earnings, if any, may take a few days to be sent.<br>\n<br>\n<strong>Confidentiality<\/strong>: Your Participant ID (such as your MTurk or Prolific ID) will be recorded to facilitate compensating you for your participation. This ID will not be linked to your identity. You will never be asked to provide your name or other personally identifying information. The data may be made publicly available following conclusion of the study. In that case, your Participant ID will be removed such that no identifier can link you to your decisions. We will not ask you for any personally identifiable information and cannot link your Participant ID to your identity.<br>\n<br>\n<strong>Withdrawal Policy:<\/strong> You may withdraw from this study at any time and with no penalty. To withdraw from this study, close the browser window and return the task via the participation platform.<br>\n<br>\n<strong>Contact information<\/strong>: This study is being conducted by David Hagmann (Hong Kong University of Science and Technology). Please contact David (hagmann@ust.hk) with any questions or feedback. The study has been approved by the Internal Review Board at HKUST.<br>\n<br>\n<strong>Agreement to Participate:<\/strong> By clicking to continue, you are indicating that you have read this consent form, that you are eligible to participate, and that you voluntarily agree to participate in the study. If you do not wish to participate in this study, you may close the browser window. You may withdraw your consent to participate at any time by closing the browser window and exiting the study.","DefaultChoices":false,"QuestionType":"MC","Selector":"SAVR","SubSelector":"TX","Configuration":{"QuestionDescriptionOption":"UseText"},"QuestionDescription":"This is a consent form. Please read and click below to continue. You are being asked to take part...","Choices":{"1":{"Display":"I agree to participate."},"2":{"Display":"I do not wish to participate."}},"ChoiceOrder":[1,2],"Validation":{"Settings":{"ForceResponse":"ON","ForceResponseType":"ON","Type":"CustomValidation","CustomValidation":{"Logic":{"0":{"0":{"ChoiceLocator":"q:\/\/QID1213411881\/SelectableChoice\/1","Description":"<span class=\"ConjDesc\">If<\/span> <span class=\"QuestionDesc\">This is a consent form. Please read and click below to continue. You are being asked to take part...<\/span> <span class=\"LeftOpDesc\">I agree to participate.<\/span> <span class=\"OpDesc\">Is Selected<\/span> ","LeftOperand":"q:\/\/QID1213411881\/SelectableChoice\/1","LogicType":"Question","Operator":"Selected","QuestionID":"QID1213411881","QuestionIDFromLocator":"QID1213411881","QuestionIsInLoop":"no","Type":"Expression"},"Type":"If"},"Type":"BooleanExpression"},"Message":{"description":"Require response","libraryID":"UR_3UiX69jLfsFOhZb","messageID":"MS_6g3zm14HuCG01hQ","subMessageID":"VE_FORCE_RESPONSE"}}}},"GradingData":[],"Language":[],"NextChoiceId":3,"NextAnswerId":1,"DataVisibility":{"Private":false,"Hidden":false},"QuestionText_Unsafe":"<strong>This is a consent form. Please read and click below to continue.<\/strong><br>\nYou are being asked to take part in a research study on decision-making. Your participation is voluntary and is greatly appreciated. If you agree to be in this study, you will be asked to complete a survey asking you questions about your opinions or questions that have a correct answer. This survey will take approximately 15 minutes to complete, or as described in the posting. You may withdraw your consent to participate at any time and with no penalty by closing this browser window. Additional details of this study are described below.<br>\n<br>\n<strong>Eligibility<\/strong>: All U.S. residents over the age of 18 are eligible to participate. However, this survey cannot be taken on a mobile device. You may only participate in this study once; after the first attempt, any additional attempts at this survey will not be approved or compensated.<br>\n<br>\n<strong>Compensation<\/strong>: You will receive a fixed payment for completing this survey as described in the posting (approximately $6\/hr). Additional compensation may be available in the experiment, depending on the choices that you make. All such bonus opportunities will be explained to you during the study, and you will receive compensation paid via the survey platform shortly after completion of the study. Bonus earnings, if any, may take a few days to be sent.<br>\n<br>\n<strong>Confidentiality<\/strong>: Your Participant ID (such as your MTurk or Prolific ID) will be recorded to facilitate compensating you for your participation. This ID will not be linked to your identity. You will never be asked to provide your name or other personally identifying information. The data may be made publicly available following conclusion of the study. In that case, your Participant ID will be removed such that no identifier can link you to your decisions. We will not ask you for any personally identifiable information and cannot link your Participant ID to your identity.<br>\n<br>\n<strong>Withdrawal Policy:<\/strong> You may withdraw from this study at any time and with no penalty. To withdraw from this study, close the browser window and return the task via the participation platform.<br>\n<br>\n<strong>Contact information<\/strong>: This study is being conducted by David Hagmann (Hong Kong University of Science and Technology). Please contact David (hagmann@ust.hk) with any questions or feedback. The study has been approved by the Internal Review Board at HKUST.<br>\n<br>\n<strong>Agreement to Participate:<\/strong> By clicking to continue, you are indicating that you have read this consent form, that you are eligible to participate, and that you voluntarily agree to participate in the study. If you do not wish to participate in this study, you may close the browser window. You may withdraw your consent to participate at any time by closing the browser window and exiting the study.","DataExportTag":"QID1213411881","QuestionID":"QID1213411881"}},{"SurveyID":"SV_dhdhUmy0GJILCiG","Element":"SQ","PrimaryAttribute":"QID5","SecondaryAttribute":"This other participant advises that you guess your rank as the ${e:\/\/Field\/rank}th most attractiv...","TertiaryAttribute":null,"Payload":{"QuestionText":"This other participant advises that you guess your <b>rank as the ${e:\/\/Field\/rank}th most attractive<\/b> <b>participant<\/b>.<br>","DefaultChoices":false,"DataExportTag":"QID5","QuestionType":"DB","Selector":"TB","Configuration":{"QuestionDescriptionOption":"UseText"},"QuestionDescription":"This other participant advises that you guess your rank as the ${e:\/\/Field\/rank}th most attractiv...","ChoiceOrder":[],"Validation":{"Settings":{"Type":"None"}},"GradingData":[],"Language":[],"NextChoiceId":4,"NextAnswerId":1,"QuestionID":"QID5","DataVisibility":{"Private":false,"Hidden":false},"QuestionText_Unsafe":"This other participant advises you to bet that you are <b>among the NN most attractive participants<\/b>.&nbsp;<br>","DisplayLogic":{"0":{"0":{"LogicType":"EmbeddedField","LeftOperand":"rank","Operator":"GreaterThanOrEqual","RightOperand":"4","Type":"Expression","Description":"<span class=\"ConjDesc\">If<\/span>  <span class=\"LeftOpDesc\">rank<\/span> <span class=\"OpDesc\">Is Greater Than or Equal to<\/span> <span class=\"RightOpDesc\"> 4 <\/span>"},"Type":"If"},"Type":"BooleanExpression","inPage":false}}},{"SurveyID":"SV_dhdhUmy0GJILCiG","Element":"SQ","PrimaryAttribute":"QID23","SecondaryAttribute":"This other participant advises that you guess your rank as the 2nd most attractive participant.","TertiaryAttribute":null,"Payload":{"QuestionText":"This other participant advises that you guess your <b>rank as the 2nd most attractive<\/b> <b>participant<\/b>.<br>","DefaultChoices":false,"DataExportTag":"Q21","QuestionType":"DB","Selector":"TB","DataVisibility":{"Private":false,"Hidden":false},"Configuration":{"QuestionDescriptionOption":"UseText"},"QuestionDescription":"This other participant advises that you guess your rank as the 2nd most attractive participant.","DisplayLogic":{"0":{"0":{"LogicType":"EmbeddedField","LeftOperand":"rank","Operator":"EqualTo","RightOperand":"2","Type":"Expression","Description":"<span class=\"ConjDesc\">If<\/span>  <span class=\"LeftOpDesc\">rank<\/span> <span class=\"OpDesc\">Is Equal to<\/span> <span class=\"RightOpDesc\"> 2 <\/span>"},"Type":"If"},"Type":"BooleanExpression","inPage":false},"ChoiceOrder":[],"Validation":{"Settings":{"Type":"None"}},"GradingData":[],"Language":[],"NextChoiceId":4,"NextAnswerId":1,"QuestionID":"QID23"}},{"SurveyID":"SV_dhdhUmy0GJILCiG","Element":"SQ","PrimaryAttribute":"QID24","SecondaryAttribute":"This other participant advises that you guess your rank as the 3rd most attractive participant.","TertiaryAttribute":null,"Payload":{"QuestionText":"This other participant advises that you guess your <b>rank as the 3rd most attractive<\/b> <b>participant<\/b>.<br>","DefaultChoices":false,"DataExportTag":"Q22","QuestionType":"DB","Selector":"TB","DataVisibility":{"Private":false,"Hidden":false},"Configuration":{"QuestionDescriptionOption":"UseText"},"QuestionDescription":"This other participant advises that you guess your rank as the 3rd most attractive participant.","DisplayLogic":{"0":{"0":{"LogicType":"EmbeddedField","LeftOperand":"rank","Operator":"EqualTo","RightOperand":"3","Type":"Expression","Description":"<span class=\"ConjDesc\">If<\/span>  <span class=\"LeftOpDesc\">rank<\/span> <span class=\"OpDesc\">Is Equal to<\/span> <span class=\"RightOpDesc\"> 3 <\/span>"},"Type":"If"},"Type":"BooleanExpression","inPage":false},"ChoiceOrder":[],"Validation":{"Settings":{"Type":"None"}},"GradingData":[],"Language":[],"NextChoiceId":4,"NextAnswerId":1,"QuestionID":"QID24"}},{"SurveyID":"SV_dhdhUmy0GJILCiG","Element":"SQ","PrimaryAttribute":"QID22","SecondaryAttribute":"This other participant advises that you guess your rank as the most attractive participant.","TertiaryAttribute":null,"Payload":{"QuestionText":"This other participant advises that you guess your <b>rank as the most attractive<\/b> <b>participant<\/b>.<br>","DefaultChoices":false,"DataExportTag":"Q20","QuestionType":"DB","Selector":"TB","DataVisibility":{"Private":false,"Hidden":false},"Configuration":{"QuestionDescriptionOption":"UseText"},"QuestionDescription":"This other participant advises that you guess your rank as the most attractive participant.","ChoiceOrder":[],"Validation":{"Settings":{"Type":"None"}},"GradingData":[],"Language":[],"NextChoiceId":4,"NextAnswerId":1,"QuestionID":"QID22","DisplayLogic":{"0":{"0":{"LogicType":"EmbeddedField","LeftOperand":"rank","Operator":"EqualTo","RightOperand":"1","Type":"Expression","Description":"<span class=\"ConjDesc\">If<\/span>  <span class=\"LeftOpDesc\">rank<\/span> <span class=\"OpDesc\">Is Equal to<\/span> <span class=\"RightOpDesc\"> 1 <\/span>"},"Type":"If"},"Type":"BooleanExpression","inPage":false}}},{"SurveyID":"SV_dhdhUmy0GJILCiG","Element":"SQ","PrimaryAttribute":"QID11","SecondaryAttribute":"Your Bonus Opportunity We will now ask you to make a guess about where you rank among the 10 part...","TertiaryAttribute":null,"Payload":{"ChoiceOrder":[],"Configuration":{"QuestionDescriptionOption":"UseText"},"DataExportTag":"QID11","DefaultChoices":false,"GradingData":[],"Language":[],"NextAnswerId":1,"NextChoiceId":4,"QuestionDescription":"Your Bonus Opportunity We will now ask you to make a guess about where you rank among the 10 part...","QuestionID":"QID11","QuestionText":"<b>Your Bonus Opportunity <\/b><br>We will now ask you to make a guess about where you rank among the 10 participants of your gender who submitted selfies and had them evaluated by other Prolific participants. <br><br>Each selfie was rated by multiple participants who identified with the opposite gender. We average their ranking to decide the final rank from most to least attractive.<br><br><b>If you guess your rank accurately, you will receive a bonus of $1.<\/b><br><br>","QuestionText_Unsafe":"<b>Your Bonus Opportunity <\/b><br>We will now ask you to make a guess about where you rank among the 100 participants of your gender who submitted selfies and had them evaluated by other MTurkers. <br><br>Each selfie was rated by at least 20 heterosexual MTurkers who identified with the opposite gender. We average their scores in order to create a ranking from most to least attractive.<br><br>Your guess, as well as the ratings by these other participants, will determine your bonus amount. Your potential bonus earnings are as follows:<br>\n<br>\n$2.00 if you bet correctly that you are among the 10 most attractive participants of your gender<br>\n$1.50 if you bet correctly that you are among the 20 most attractive participants of your gender <br>\n$1.25 if you bet correctly that you are among the 30 most attractive participants of your gender <br>\n$1.00 if you bet correctly that you are among the 40 most attractive participants of your gender<br>\n$0.75 if you bet correctly that you are among the 50 most attractive participants of your gender <br>\n$0.60 if you bet correctly that you are among the 60 most attractive participants of your gender <br>\n$0.50 if you bet correctly that you are among the 70 most attractive participants of your gender <br>\n$0.40 if you bet correctly that you are among the 80 most attractive participants of your gender <br>\n$0.30 if you bet correctly that you are among the 90 most attractive participants of your gender <br>\n$0.20 if you bet correctly that you are among the 100 most attractive participants of your gender <br>\n<br>\nBetting that you are among the 10 most attractive participants has the highest bonus, but you will only receive it if you are indeed among the 10 most attractive participants. If you are not, you will receive no bonus. Conversely, you are guaranteed to be among the 100 most attractive participants, since there are exactly 100 participants. However, that bet also leads to the lowest bonus.<br>","QuestionType":"DB","Selector":"TB","Validation":{"Settings":{"Type":"None"}},"DataVisibility":{"Private":false,"Hidden":false}}},{"SurveyID":"SV_dhdhUmy0GJILCiG","Element":"SQ","PrimaryAttribute":"QID6","SecondaryAttribute":"Your Decision How attractive do you think you rank, relative to the other participants?","TertiaryAttribute":null,"Payload":{"QuestionText":"<b>Your Decision<\/b><br>How attractive do you think you rank, relative to the other participants?","DataExportTag":"bet","QuestionType":"MC","Selector":"SAVR","SubSelector":"TX","Configuration":{"QuestionDescriptionOption":"UseText"},"QuestionDescription":"Your Decision How attractive do you think you rank, relative to the other participants?","Choices":{"1":{"Display":"1st rank (most attractive)"},"2":{"Display":"2nd rank"},"3":{"Display":"3rd rank"},"4":{"Display":"4th rank"},"5":{"Display":"5th rank"},"6":{"Display":"6th rank"},"7":{"Display":"7th rank"},"8":{"Display":"8th rank"},"9":{"Display":"9th rank"},"10":{"Display":"10th rank (least attractive)"}},"ChoiceOrder":[1,2,3,4,5,6,7,8,9,10],"Validation":{"Settings":{"ForceResponse":"ON","ForceResponseType":"ON","Type":"None"}},"Language":[],"NextChoiceId":11,"NextAnswerId":1,"QuestionID":"QID6","DataVisibility":{"Private":false,"Hidden":false},"QuestionText_Unsafe":"<b>Your Decision<\/b><br>How attractive do you want to bet you are, relative to the other participants?"}}]}