{"SurveyEntry":{"SurveyID":"SV_6zFJ0YslQ8u4LhY","SurveyName":"S2_time3_AsPredicted153382","SurveyDescription":null,"SurveyOwnerID":"UR_9RW4ylbLtV7W4ke","SurveyBrandID":"ust","DivisionID":null,"SurveyLanguage":"EN","SurveyActiveResponseSet":"RS_0TH8e9ZnYLVsRG6","SurveyStatus":"Inactive","SurveyStartDate":"0000-00-00 00:00:00","SurveyExpirationDate":"0000-00-00 00:00:00","SurveyCreationDate":"2023-09-29 05:44:02","CreatorID":"UR_9RW4ylbLtV7W4ke","LastModified":"2025-01-06 09:10:53","LastAccessed":"0000-00-00 00:00:00","LastActivated":"2023-09-29 05:45:43","Deleted":null},"SurveyElements":[{"SurveyID":"SV_6zFJ0YslQ8u4LhY","Element":"FL","PrimaryAttribute":"Survey Flow","SecondaryAttribute":null,"TertiaryAttribute":null,"Payload":{"Type":"Root","FlowID":"FL_1","Flow":[{"Type":"EmbeddedData","FlowID":"FL_7","EmbeddedData":[{"Description":"PROLIFIC_PID","Type":"Recipient","Field":"PROLIFIC_PID","VariableType":"String","DataVisibility":[],"AnalyzeText":false}]},{"Type":"Block","ID":"BL_01WTSJewZOUzDWS","FlowID":"FL_2","Autofill":[]},{"Type":"EmbeddedData","FlowID":"FL_9","EmbeddedData":[{"Description":"PROLIFIC_PID","Type":"Custom","Field":"PROLIFIC_PID","VariableType":"String","DataVisibility":[],"AnalyzeText":false,"Value":"${q:\/\/QID3\/ChoiceTextEntryValue}"}]},{"Type":"WebService","FlowID":"FL_6","URL":"https:\/\/files.dhagmann.com\/qualtrics\/load_advice_math_competition.php","Method":"GET","RequestParams":[{"key":"PROLIFIC_PID","value":"'${e:\/\/Field\/PROLIFIC_PID}'"}],"EditBodyParams":[],"Body":[],"ContentType":"application\/x-www-form-urlencoded","Headers":[],"ResponseMap":[{"key":"0.AdviseeID","value":"0.AdviseeID"},{"key":"0.Advice","value":"0.Advice"},{"key":"0.AdviserID","value":"0.AdviserID"},{"key":"0.Guess","value":"0.Guess"},{"key":"0.Treatment","value":"0.Treatment"}],"FireAndForget":false,"SchemaVersion":0,"StringifyValues":true},{"Type":"Standard","ID":"BL_cCQ6H90xuPy48LA","FlowID":"FL_3","Autofill":[]},{"Type":"Standard","ID":"BL_dnfP88WPQyYIbem","FlowID":"FL_4","Autofill":[]},{"Type":"EndSurvey","FlowID":"FL_8"}],"Properties":{"Count":9,"RemovedFieldsets":[]}}},{"SurveyID":"SV_6zFJ0YslQ8u4LhY","Element":"STAT","PrimaryAttribute":"Survey Statistics","SecondaryAttribute":null,"TertiaryAttribute":null,"Payload":{"MobileCompatible":true,"ID":"Survey Statistics"}},{"SurveyID":"SV_6zFJ0YslQ8u4LhY","Element":"SO","PrimaryAttribute":"Survey Options","SecondaryAttribute":null,"TertiaryAttribute":null,"Payload":{"BackButton":"false","SaveAndContinue":"true","SurveyProtection":"PublicSurvey","BallotBoxStuffingPrevention":"false","NoIndex":"Yes","SecureResponseFiles":"true","SurveyExpiration":"None","SurveyTermination":"Redirect","Header":"","Footer":"","ProgressBarDisplay":"None","PartialData":"+1 week","ValidationMessage":null,"PreviousButton":" \u2190 ","NextButton":" \u2192 ","SurveyTitle":"Qualtrics Survey | Qualtrics Experience Management","SkinLibrary":"ust","SkinType":"templated","Skin":{"brandingId":null,"templateId":"*2014","overrides":null},"NewScoring":1,"SurveyMetaDescription":"The most powerful, simple and trusted way to gather experience data. Start your journey to experience management and try a free account today.","EOSMessage":null,"ShowExportTags":"false","CollectGeoLocation":"false","PasswordProtection":"No","AnonymizeResponse":"No","RefererCheck":"No","BallotBoxStuffingPreventionBehavior":null,"BallotBoxStuffingPreventionMessage":null,"BallotBoxStuffingPreventionMessageLibrary":null,"BallotBoxStuffingPreventionURL":null,"RecaptchaV3":"false","ConfirmStart":false,"AutoConfirmStart":false,"RelevantID":"false","RelevantIDLockoutPeriod":"+30 days","UseCustomSurveyLinkCompletedMessage":null,"SurveyLinkCompletedMessage":null,"SurveyLinkCompletedMessageLibrary":null,"ResponseSummary":"No","EOSMessageLibrary":null,"EOSRedirectURL":"https:\/\/app.prolific.com\/submissions\/complete?cc=CVJM1N69","EmailThankYou":"false","ThankYouEmailMessageLibrary":null,"ThankYouEmailMessage":null,"ValidateMessage":"false","ValidationMessageLibrary":null,"InactiveSurvey":null,"PartialDeletion":null,"PartialDataCloseAfter":"LastActivity","InactiveMessageLibrary":null,"InactiveMessage":null,"AvailableLanguages":{"EN":[]},"ProtectSelectionIds":true,"SurveyName":"S2_time3_AsPredicted153382","CustomStyles":[]}},{"SurveyID":"SV_6zFJ0YslQ8u4LhY","Element":"SCO","PrimaryAttribute":"Scoring","SecondaryAttribute":null,"TertiaryAttribute":null,"Payload":{"ScoringCategories":[],"ScoringCategoryGroups":[],"ScoringSummaryCategory":null,"ScoringSummaryAfterQuestions":0,"ScoringSummaryAfterSurvey":0,"DefaultScoringCategory":null,"AutoScoringCategory":null}},{"SurveyID":"SV_6zFJ0YslQ8u4LhY","Element":"RS","PrimaryAttribute":"RS_0TH8e9ZnYLVsRG6","SecondaryAttribute":null,"TertiaryAttribute":null,"Payload":null},{"SurveyID":"SV_6zFJ0YslQ8u4LhY","Element":"PROJ","PrimaryAttribute":"CORE","SecondaryAttribute":null,"TertiaryAttribute":"1.1.0","Payload":{"ProjectCategory":"CORE","SchemaVersion":"1.1.0"}},{"SurveyID":"SV_6zFJ0YslQ8u4LhY","Element":"PL","PrimaryAttribute":"Preview Link","SecondaryAttribute":null,"TertiaryAttribute":null,"Payload":{"PreviewType":"Brand","PreviewID":"913a52f9-69fa-4ad2-81a8-551b7589b084"}},{"SurveyID":"SV_6zFJ0YslQ8u4LhY","Element":"BL","PrimaryAttribute":"Survey Blocks","SecondaryAttribute":null,"TertiaryAttribute":null,"Payload":[{"Type":"Default","Description":"Consent","ID":"BL_01WTSJewZOUzDWS","BlockElements":[{"Type":"Question","QuestionID":"QID1"},{"Type":"Question","QuestionID":"QID2"},{"Type":"Question","QuestionID":"QID3"}],"Options":{"BlockLocking":"false","RandomizeQuestions":"false","BlockVisibility":"Expanded"}},{"Type":"Trash","Description":"Trash \/ Unused Questions","ID":"BL_6zfKVwmOmXtqjAy","BlockElements":[]},{"Type":"Standard","SubType":"","Description":"Stage 2","ID":"BL_cCQ6H90xuPy48LA","BlockElements":[{"Type":"Question","QuestionID":"QID4"},{"Type":"Question","QuestionID":"QID5"},{"Type":"Page Break"},{"Type":"Question","QuestionID":"QID6"},{"Type":"Page Break"},{"Type":"Question","QuestionID":"QID25"},{"Type":"Question","QuestionID":"QID7"},{"Type":"Question","QuestionID":"QID8"},{"Type":"Question","QuestionID":"QID9"}]},{"Type":"Standard","SubType":"","Description":"Block 2","ID":"BL_dnfP88WPQyYIbem","BlockElements":[{"Type":"Question","QuestionID":"QID19"}]}]},{"SurveyID":"SV_6zFJ0YslQ8u4LhY","Element":"QC","PrimaryAttribute":"Survey Question Count","SecondaryAttribute":"25","TertiaryAttribute":null,"Payload":null},{"SurveyID":"SV_6zFJ0YslQ8u4LhY","Element":"SQ","PrimaryAttribute":"QID25","SecondaryAttribute":"After you completed the math test, we asked you to estimate your own performance. You estimated t...","TertiaryAttribute":null,"Payload":{"QuestionText":"After you completed the math test, we asked you to estimate your own performance. <b>You estimated that you answered&nbsp;${e:\/\/Field\/0.Guess} questions correctly.<\/b><br>","DefaultChoices":false,"DataExportTag":"Q23","QuestionID":"QID25","QuestionType":"DB","Selector":"TB","Configuration":{"QuestionDescriptionOption":"UseText"},"QuestionDescription":"After you completed the math test, we asked you to estimate your own performance. You estimated t...","ChoiceOrder":[],"Validation":{"Settings":{"Type":"None"}},"GradingData":[],"Language":[],"NextChoiceId":4,"NextAnswerId":1,"DataVisibility":{"Private":false,"Hidden":false}}},{"SurveyID":"SV_6zFJ0YslQ8u4LhY","Element":"SQ","PrimaryAttribute":"QID9","SecondaryAttribute":"Against which group do you want to compete? Recall that if you win against the High Performer Gro...","TertiaryAttribute":null,"Payload":{"QuestionText":"<b>Against which group do you want to compete?<\/b><br><br>Recall that if you win against the High Performer Group, you will earn a bonus of 50 cents, and if you win against the Low Performer Group, you will earn a bonus of 30 cents.<br>","DataExportTag":"bet","QuestionType":"MC","Selector":"SAVR","SubSelector":"TX","Configuration":{"QuestionDescriptionOption":"UseText"},"QuestionDescription":"Against which group do you want to compete? Recall that if you win against the High Performer Gro...","Choices":{"1":{"Display":"Compete against the <b>High Performer Group<\/b>"},"2":{"Display":"Compete against the <b>Low Performer Group<\/b>"}},"ChoiceOrder":[1,2],"Validation":{"Settings":{"ForceResponse":"ON","ForceResponseType":"ON","Type":"None"}},"Language":[],"NextChoiceId":3,"NextAnswerId":1,"QuestionID":"QID9","DataVisibility":{"Private":false,"Hidden":false},"Randomization":{"Advanced":null,"Type":"All","TotalRandSubset":""}}},{"SurveyID":"SV_6zFJ0YslQ8u4LhY","Element":"SQ","PrimaryAttribute":"QID4","SecondaryAttribute":"Instructions You have recently completed a survey in which you answered 10 math questions. In thi...","TertiaryAttribute":null,"Payload":{"QuestionText":"<b>Instructions\n<br><\/b>You have recently completed a survey in which you answered 10 math questions. In this survey, you have a chance to earn an additional bonus.<br>","DefaultChoices":false,"DataExportTag":"QID3","QuestionType":"DB","Selector":"TB","Configuration":{"QuestionDescriptionOption":"UseText"},"QuestionDescription":"Instructions You have recently completed a survey in which you answered 10 math questions. In thi...","ChoiceOrder":[],"Validation":{"Settings":{"Type":"None"}},"GradingData":[],"Language":[],"NextChoiceId":8,"NextAnswerId":1,"QuestionID":"QID4","DataVisibility":{"Private":false,"Hidden":false}}},{"SurveyID":"SV_6zFJ0YslQ8u4LhY","Element":"SQ","PrimaryAttribute":"QID3","SecondaryAttribute":"Please make sure that your Prolific ID is recorded correctly","TertiaryAttribute":null,"Payload":{"QuestionText":"Please make sure that your Prolific ID is recorded correctly","DefaultChoices":{"TEXT":{"Text":"${e:\/\/Field\/PROLIFIC_PID}"}},"DataExportTag":"Q3","QuestionID":"QID3","QuestionType":"TE","Selector":"SL","Configuration":{"QuestionDescriptionOption":"UseText"},"QuestionDescription":"Please make sure that your Prolific ID is recorded correctly","Validation":{"Settings":{"ForceResponse":"OFF","Type":"None"}},"GradingData":[],"Language":[],"NextChoiceId":4,"NextAnswerId":1,"SearchSource":{"AllowFreeResponse":"false"}}},{"SurveyID":"SV_6zFJ0YslQ8u4LhY","Element":"SQ","PrimaryAttribute":"QID19","SecondaryAttribute":"Thank you again for taking the time to help us with our research! You will receive your bonus pay...","TertiaryAttribute":null,"Payload":{"Configuration":{"InputHeight":175,"InputWidth":680,"QuestionDescriptionOption":"UseText"},"DataExportTag":"QID14","DataVisibility":{"Hidden":false,"Private":false},"DefaultChoices":false,"GradingData":[],"Language":[],"NextAnswerId":1,"NextChoiceId":4,"QuestionDescription":"Thank you again for taking the time to help us with our research! You will receive your bonus pay...","QuestionText":"Thank you again for taking the time to help us with our research!<br><br>You will receive your bonus payment for your performance on the math test and the additional bonus from this competition (if you win) within the next 10 days.<br><br>Do you have any feedback or comments for the researchers? (optional)","QuestionText_Unsafe":"Thank you again for taking the time to help us with our research!<br><br>If your guess is correct, you will receive the corresponding bonus payment within the next 14 days.<br><br>Do you have any feedback or comments for the researchers? (optional)","QuestionType":"TE","SearchSource":{"AllowFreeResponse":"false"},"Selector":"ESTB","Validation":{"Settings":{"ForceResponse":"OFF","ForceResponseType":"ON","Type":"None"}},"QuestionID":"QID19"}},{"SurveyID":"SV_6zFJ0YslQ8u4LhY","Element":"SQ","PrimaryAttribute":"QID1","SecondaryAttribute":"Thank you for participating in our research. This survey will take approximately 3 minutes to fin...","TertiaryAttribute":null,"Payload":{"QuestionText":"Thank you for participating in our research. This survey will take approximately 3 minutes to finish.","DefaultChoices":false,"DataExportTag":"QID1","QuestionID":"QID1","QuestionType":"DB","Selector":"TB","Configuration":{"QuestionDescriptionOption":"UseText"},"QuestionDescription":"Thank you for participating in our research. This survey will take approximately 3 minutes to fin...","ChoiceOrder":[],"Validation":{"Settings":{"Type":"None"}},"GradingData":[],"Language":[],"NextChoiceId":4,"NextAnswerId":1,"DataVisibility":{"Private":false,"Hidden":false}}},{"SurveyID":"SV_6zFJ0YslQ8u4LhY","Element":"SQ","PrimaryAttribute":"QID2","SecondaryAttribute":"This is a consent form. Please read and click below to continue. You are being asked to take part...","TertiaryAttribute":null,"Payload":{"QuestionText":"<b>This is a consent form. Please read and click below to continue.\n<\/b><br>You are being asked to take part in a research study on decision-making. Your participation is voluntary and is greatly appreciated. If you agree to be in this study, you will be asked to complete a survey asking you questions about your opinions or questions that have a correct answer. This survey will take approximately 5 minutes to complete, or as described in the posting. You may withdraw your consent to participate at any time and with no penalty by closing this browser window. Additional details of this study are described below.\n<br><br><b>Eligibility<\/b>: All U.S. residents over the age of 18 are eligible to participate. However, this survey cannot be taken on a mobile device. You may only participate in this study once; after the first attempt, any additional attempts at this survey will not be approved or compensated.\n<br><br><b>Risk &amp; Benefits<\/b>: The risks associated with participation in this study are no greater than those encountered in daily life. There may be no direct benefits to participation, except for the enjoyment of contributing to research.\n<br><br><b>Compensation<\/b>: You will receive a fixed payment for completing this survey as described in the posting (approximately $6\/hr). Additional compensation may be available in the experiment, depending on the choices that you make. All such bonus opportunities will be explained to you during the study, and you will receive compensation paid via the survey platform shortly after completion of the study. Bonus earnings, if any, may take a few days to be sent.\n<br><br><b>Confidentiality<\/b>: Your Participant ID (such as your MTurk or Prolific ID) will be recorded to facilitate compensating you for your participation. This ID will not be linked to your identity. You will never be asked to provide your name or other personally identifying information. The data may be made publicly available following conclusion of the study. In that case, your Participant ID will be removed such that no identifier can link you to your decisions. We will not ask you for any personally identifiable information and cannot link your Participant ID to your identity.\n<br><br><b>Withdrawal Policy<\/b>: You may withdraw from this study at any time and with no penalty. To withdraw from this study, close the browser window and return the task via the participation platform.\n<br><br><b>Contact information<\/b>: This study is being conducted by David Hagmann (Hong Kong University of Science and Technology). Please contact David (hagmann@ust.hk) with any questions or feedback. The study has been approved by the Internal Review Board at HKUST.\n<br><br><b>Agreement to Participate<\/b>: By clicking to continue, you are indicating that you have read this consent form, that you are eligible to participate, and that you voluntarily agree to participate in the study. If you do not wish to participate in this study, you may close the browser window. You may withdraw your consent to participate at any time by closing the browser window and exiting the study.","DefaultChoices":false,"DataExportTag":"QID2","QuestionID":"QID2","QuestionType":"MC","Selector":"SAVR","SubSelector":"TX","Configuration":{"QuestionDescriptionOption":"UseText"},"QuestionDescription":"This is a consent form. Please read and click below to continue. You are being asked to take part...","Choices":{"1":{"Display":"I agree to participate."},"2":{"Display":"I do not wish to participate."}},"ChoiceOrder":[1,2],"Validation":{"Settings":{"ForceResponse":"ON","ForceResponseType":"ON","Type":"CustomValidation","CustomValidation":{"Logic":{"0":{"0":{"QuestionID":"QID2","QuestionIsInLoop":"no","ChoiceLocator":"q:\/\/QID2\/SelectableChoice\/1","Operator":"Selected","QuestionIDFromLocator":"QID2","LeftOperand":"q:\/\/QID2\/SelectableChoice\/1","Type":"Expression","LogicType":"Question","Description":"<span class=\"ConjDesc\">If<\/span> <span class=\"QuestionDesc\">This is a consent form. Please read and click below to continue.\nYou are being asked to take part in a research study on decision-making. Your participation is voluntary and is greatly appreciated....<\/span> <span class=\"LeftOpDesc\">I agree to participate.<\/span> <span class=\"OpDesc\">Is Selected<\/span> "},"Type":"If"},"Type":"BooleanExpression"},"Message":{"messageID":null,"subMessageID":"VE_FORCE_RESPONSE","libraryID":null,"description":"Require response"}}}},"GradingData":[],"Language":[],"NextChoiceId":3,"NextAnswerId":1}},{"SurveyID":"SV_6zFJ0YslQ8u4LhY","Element":"SQ","PrimaryAttribute":"QID6","SecondaryAttribute":"To help you with your decision of which group to compete against, we recruited other participants...","TertiaryAttribute":null,"Payload":{"QuestionText":"To help you with your decision of which group to compete against, we recruited other participants on Prolific to play the role of <b>Adviser <\/b>and showed them<b>&nbsp;your real score on the math test<\/b>. They also learned the average score of the 50 participants who make up your competitors.<br><br>The Advisers then sent a recommendation as to whether you should compete against the High Performer Group or the Low Performer Group. Note that they receive a bonus identical to yours, so they were incentivized to give you good advice. However, since they don't know the performance of the High Performer and Low Performer groups, they also had some uncertainty when giving you advise.<br>","DefaultChoices":false,"DataExportTag":"Q6","QuestionID":"QID6","QuestionType":"DB","Selector":"TB","Configuration":{"QuestionDescriptionOption":"UseText"},"QuestionDescription":"To help you with your decision of which group to compete against, we recruited other participants...","ChoiceOrder":[],"Validation":{"Settings":{"Type":"None"}},"GradingData":[],"Language":[],"NextChoiceId":9,"NextAnswerId":1,"DataVisibility":{"Private":false,"Hidden":false}}},{"SurveyID":"SV_6zFJ0YslQ8u4LhY","Element":"SQ","PrimaryAttribute":"QID7","SecondaryAttribute":"Your Adviser recommends that you compete against the\u00a0High\u00a0Performer Group","TertiaryAttribute":null,"Payload":{"QuestionText":"Your Adviser recommends that you compete against the&nbsp;<b>High&nbsp;Performer Group<\/b>","DefaultChoices":false,"DataExportTag":"Q7","QuestionID":"QID7","QuestionType":"DB","Selector":"TB","Configuration":{"QuestionDescriptionOption":"UseText"},"QuestionDescription":"Your Adviser recommends that you compete against the\u00a0High\u00a0Performer Group","ChoiceOrder":[],"Validation":{"Settings":{"Type":"None"}},"GradingData":[],"Language":[],"NextChoiceId":4,"NextAnswerId":1,"DataVisibility":{"Private":false,"Hidden":false},"DisplayLogic":{"0":{"0":{"LogicType":"EmbeddedField","LeftOperand":"0.Advice","Operator":"EqualTo","RightOperand":"1","Type":"Expression","Description":"<span class=\"ConjDesc\">If<\/span>  <span class=\"LeftOpDesc\">0.Advice<\/span> <span class=\"OpDesc\">Is Equal to<\/span> <span class=\"RightOpDesc\"> 1 <\/span>"},"Type":"If"},"Type":"BooleanExpression","inPage":false}}},{"SurveyID":"SV_6zFJ0YslQ8u4LhY","Element":"SQ","PrimaryAttribute":"QID8","SecondaryAttribute":"Your Adviser recommends that you compete against the\u00a0Low\u00a0Performer Group","TertiaryAttribute":null,"Payload":{"QuestionText":"Your Adviser recommends that you compete against the&nbsp;<b>Low&nbsp;Performer Group<\/b>","DefaultChoices":false,"DataExportTag":"Q8","QuestionType":"DB","Selector":"TB","DataVisibility":{"Private":false,"Hidden":false},"Configuration":{"QuestionDescriptionOption":"UseText"},"QuestionDescription":"Your Adviser recommends that you compete against the\u00a0Low\u00a0Performer Group","ChoiceOrder":[],"Validation":{"Settings":{"Type":"None"}},"GradingData":[],"Language":[],"NextChoiceId":4,"NextAnswerId":1,"QuestionID":"QID8","DisplayLogic":{"0":{"0":{"LogicType":"EmbeddedField","LeftOperand":"0.Advice","Operator":"EqualTo","RightOperand":"0","Type":"Expression","Description":"<span class=\"ConjDesc\">If<\/span>  <span class=\"LeftOpDesc\">0.Advice<\/span> <span class=\"OpDesc\">Is Equal to<\/span> <span class=\"RightOpDesc\"> 0 <\/span>"},"Type":"If"},"Type":"BooleanExpression","inPage":false}}},{"SurveyID":"SV_6zFJ0YslQ8u4LhY","Element":"SQ","PrimaryAttribute":"QID5","SecondaryAttribute":"Your Bonus Opportunity We have recruited 50 additional participants on Prolific to take the same...","TertiaryAttribute":null,"Payload":{"QuestionText":"<b>Your Bonus Opportunity<\/b><br>We have recruited 50 additional participants on Prolific to take the same math test. Based on their performance, we created two groups: the <b>High Performer Group<\/b>, consisting of the 20 participants with the highest scores, and the <b>Low Performer Group<\/b>, consisting of the 20 participants with the lowest scores.<br><br>Your task now is to choose which of those two groups you would like to compete against. Specifically, we will compare your score on the previous math test against a randomly selected member of the group you choose. If you performed as well or better than that member, you will earn a bonus. If you did worse than that member, you will not earn a bonus.<br><br>If you choose to compete against the <b>High Performer<\/b>&nbsp;<b>Group<\/b> and win, you will receive a bonus of&nbsp;<b>50 cents<\/b>. If you choose to compete against the <b>Low&nbsp;Performer Group<\/b>&nbsp;and win, you will receive a bonus of&nbsp;<b>30<\/b>&nbsp;<b>cents<\/b>.<br>","DefaultChoices":false,"DataExportTag":"Q5","QuestionID":"QID5","QuestionType":"DB","Selector":"TB","Configuration":{"QuestionDescriptionOption":"UseText"},"QuestionDescription":"Your Bonus Opportunity We have recruited 50 additional participants on Prolific to take the same...","ChoiceOrder":[],"Validation":{"Settings":{"Type":"None"}},"GradingData":[],"Language":[],"NextChoiceId":4,"NextAnswerId":1,"DataVisibility":{"Private":false,"Hidden":false}}}]}